
Microsoft Visual Studio Solution File, Format Version 12.00
# Visual Studio 15
VisualStudioVersion = 15.0.26124.0
MinimumVisualStudioVersion = 15.0.26124.0
Project("{2150E333-8FDC-42A3-9474-1A3956D46DE8}") = "src", "src", "{11522CD0-31D8-4673-A1A5-5F568B5B1091}"
EndProject
Project("{9A19103F-16F7-4668-BE54-9A1E7A4F7556}") = "Framework", "src\Frameworks\Framework\Framework.csproj", "{92A0AA2B-8992-41B9-A40F-8CAF9E6FC40B}"
EndProject
Project("{2150E333-8FDC-42A3-9474-1A3956D46DE8}") = "Account", "Account", "{CCEC6B0A-3B26-49D2-B87D-0A6D89328983}"
EndProject
Project("{9A19103F-16F7-4668-BE54-9A1E7A4F7556}") = "Account.WebApi", "src\Account\Account.WebApi\Account.WebApi.csproj", "{37AF0528-9196-45DD-A10F-0A1198D9CEC1}"
EndProject
Project("{2150E333-8FDC-42A3-9474-1A3956D46DE8}") = "TransferFunds", "TransferFunds", "{FF8B4F5D-A198-482E-884C-AB36A48C5FAD}"
EndProject
Project("{9A19103F-16F7-4668-BE54-9A1E7A4F7556}") = "TransferFunds.WebApi", "src\TransferFunds\TransferFunds.WebApi\TransferFunds.WebApi.csproj", "{2699CE48-3950-4789-AEBB-0BC3F3560789}"
EndProject
Project("{9A19103F-16F7-4668-BE54-9A1E7A4F7556}") = "TransferFunds.Domain", "src\TransferFunds\TransferFunds.Domain\TransferFunds.Domain.csproj", "{5927F42C-FF34-4909-A54F-462F38008195}"
EndProject
Project("{9A19103F-16F7-4668-BE54-9A1E7A4F7556}") = "TransferFunds.Application", "src\TransferFunds\TransferFunds.Application\TransferFunds.Application.csproj", "{2419AD14-9280-4A56-B7EE-24C61806B7D8}"
EndProject
Project("{9A19103F-16F7-4668-BE54-9A1E7A4F7556}") = "Account.Application", "src\Account\Account.Application\Account.Application.csproj", "{A51C4B44-B849-4940-88B1-EEE82CAC0FF7}"
EndProject
Project("{9A19103F-16F7-4668-BE54-9A1E7A4F7556}") = "Account.Domain", "src\Account\Account.Domain\Account.Domain.csproj", "{3E9B4B14-DE2D-47F7-949C-8C5D58B9F609}"
EndProject
Project("{9A19103F-16F7-4668-BE54-9A1E7A4F7556}") = "Framework.Shared", "src\Frameworks\Framework.Shared\Framework.Shared.csproj", "{4D2FD017-0CE8-40A0-8058-BDFAF209BEF2}"
EndProject
Project("{2150E333-8FDC-42A3-9474-1A3956D46DE8}") = "Frameworks", "Frameworks", "{8E5752C3-9F86-4C32-8F7A-C4D4B4CF4A23}"
EndProject
Project("{9A19103F-16F7-4668-BE54-9A1E7A4F7556}") = "Framework.MessageBroker", "src\Frameworks\Framework.MessageBroker\Framework.MessageBroker.csproj", "{6AA2A8E8-BE21-4E61-9200-F1BFBEA8B0F6}"
EndProject
Project("{FAE04EC0-301F-11D3-BF4B-00C04F79EFBC}") = "TransferFunds.Consumer.HandleTransfers", "src\TransferFunds\TransferFunds.Consumer.HandleTransfers\TransferFunds.Consumer.HandleTransfers.csproj", "{06C71D47-A30C-4EC6-80E5-D54048E43D4A}"
EndProject
Project("{9A19103F-16F7-4668-BE54-9A1E7A4F7556}") = "Framework.ConsoleApp", "src\Frameworks\Framework.ConsoleApp\Framework.ConsoleApp.csproj", "{EC7729D8-A230-4CF6-ACB6-1C0289E2E986}"
EndProject
Project("{9A19103F-16F7-4668-BE54-9A1E7A4F7556}") = "Framework.Data", "src\Frameworks\Framework.Data\Framework.Data.csproj", "{25B7B593-5AB1-4DF4-AEA3-D90314EBAC88}"
EndProject
Global
	GlobalSection(SolutionConfigurationPlatforms) = preSolution
		Debug|Any CPU = Debug|Any CPU
		Debug|x64 = Debug|x64
		Debug|x86 = Debug|x86
		Release|Any CPU = Release|Any CPU
		Release|x64 = Release|x64
		Release|x86 = Release|x86
	EndGlobalSection
	GlobalSection(ProjectConfigurationPlatforms) = postSolution
		{92A0AA2B-8992-41B9-A40F-8CAF9E6FC40B}.Debug|Any CPU.ActiveCfg = Debug|Any CPU
		{92A0AA2B-8992-41B9-A40F-8CAF9E6FC40B}.Debug|Any CPU.Build.0 = Debug|Any CPU
		{92A0AA2B-8992-41B9-A40F-8CAF9E6FC40B}.Debug|x64.ActiveCfg = Debug|Any CPU
		{92A0AA2B-8992-41B9-A40F-8CAF9E6FC40B}.Debug|x64.Build.0 = Debug|Any CPU
		{92A0AA2B-8992-41B9-A40F-8CAF9E6FC40B}.Debug|x86.ActiveCfg = Debug|Any CPU
		{92A0AA2B-8992-41B9-A40F-8CAF9E6FC40B}.Debug|x86.Build.0 = Debug|Any CPU
		{92A0AA2B-8992-41B9-A40F-8CAF9E6FC40B}.Release|Any CPU.ActiveCfg = Release|Any CPU
		{92A0AA2B-8992-41B9-A40F-8CAF9E6FC40B}.Release|Any CPU.Build.0 = Release|Any CPU
		{92A0AA2B-8992-41B9-A40F-8CAF9E6FC40B}.Release|x64.ActiveCfg = Release|Any CPU
		{92A0AA2B-8992-41B9-A40F-8CAF9E6FC40B}.Release|x64.Build.0 = Release|Any CPU
		{92A0AA2B-8992-41B9-A40F-8CAF9E6FC40B}.Release|x86.ActiveCfg = Release|Any CPU
		{92A0AA2B-8992-41B9-A40F-8CAF9E6FC40B}.Release|x86.Build.0 = Release|Any CPU
		{37AF0528-9196-45DD-A10F-0A1198D9CEC1}.Debug|Any CPU.ActiveCfg = Debug|Any CPU
		{37AF0528-9196-45DD-A10F-0A1198D9CEC1}.Debug|Any CPU.Build.0 = Debug|Any CPU
		{37AF0528-9196-45DD-A10F-0A1198D9CEC1}.Debug|x64.ActiveCfg = Debug|Any CPU
		{37AF0528-9196-45DD-A10F-0A1198D9CEC1}.Debug|x64.Build.0 = Debug|Any CPU
		{37AF0528-9196-45DD-A10F-0A1198D9CEC1}.Debug|x86.ActiveCfg = Debug|Any CPU
		{37AF0528-9196-45DD-A10F-0A1198D9CEC1}.Debug|x86.Build.0 = Debug|Any CPU
		{37AF0528-9196-45DD-A10F-0A1198D9CEC1}.Release|Any CPU.ActiveCfg = Release|Any CPU
		{37AF0528-9196-45DD-A10F-0A1198D9CEC1}.Release|Any CPU.Build.0 = Release|Any CPU
		{37AF0528-9196-45DD-A10F-0A1198D9CEC1}.Release|x64.ActiveCfg = Release|Any CPU
		{37AF0528-9196-45DD-A10F-0A1198D9CEC1}.Release|x64.Build.0 = Release|Any CPU
		{37AF0528-9196-45DD-A10F-0A1198D9CEC1}.Release|x86.ActiveCfg = Release|Any CPU
		{37AF0528-9196-45DD-A10F-0A1198D9CEC1}.Release|x86.Build.0 = Release|Any CPU
		{2699CE48-3950-4789-AEBB-0BC3F3560789}.Debug|Any CPU.ActiveCfg = Debug|Any CPU
		{2699CE48-3950-4789-AEBB-0BC3F3560789}.Debug|Any CPU.Build.0 = Debug|Any CPU
		{2699CE48-3950-4789-AEBB-0BC3F3560789}.Debug|x64.ActiveCfg = Debug|Any CPU
		{2699CE48-3950-4789-AEBB-0BC3F3560789}.Debug|x64.Build.0 = Debug|Any CPU
		{2699CE48-3950-4789-AEBB-0BC3F3560789}.Debug|x86.ActiveCfg = Debug|Any CPU
		{2699CE48-3950-4789-AEBB-0BC3F3560789}.Debug|x86.Build.0 = Debug|Any CPU
		{2699CE48-3950-4789-AEBB-0BC3F3560789}.Release|Any CPU.ActiveCfg = Release|Any CPU
		{2699CE48-3950-4789-AEBB-0BC3F3560789}.Release|Any CPU.Build.0 = Release|Any CPU
		{2699CE48-3950-4789-AEBB-0BC3F3560789}.Release|x64.ActiveCfg = Release|Any CPU
		{2699CE48-3950-4789-AEBB-0BC3F3560789}.Release|x64.Build.0 = Release|Any CPU
		{2699CE48-3950-4789-AEBB-0BC3F3560789}.Release|x86.ActiveCfg = Release|Any CPU
		{2699CE48-3950-4789-AEBB-0BC3F3560789}.Release|x86.Build.0 = Release|Any CPU
		{5927F42C-FF34-4909-A54F-462F38008195}.Debug|Any CPU.ActiveCfg = Debug|Any CPU
		{5927F42C-FF34-4909-A54F-462F38008195}.Debug|Any CPU.Build.0 = Debug|Any CPU
		{5927F42C-FF34-4909-A54F-462F38008195}.Debug|x64.ActiveCfg = Debug|Any CPU
		{5927F42C-FF34-4909-A54F-462F38008195}.Debug|x64.Build.0 = Debug|Any CPU
		{5927F42C-FF34-4909-A54F-462F38008195}.Debug|x86.ActiveCfg = Debug|Any CPU
		{5927F42C-FF34-4909-A54F-462F38008195}.Debug|x86.Build.0 = Debug|Any CPU
		{5927F42C-FF34-4909-A54F-462F38008195}.Release|Any CPU.ActiveCfg = Release|Any CPU
		{5927F42C-FF34-4909-A54F-462F38008195}.Release|Any CPU.Build.0 = Release|Any CPU
		{5927F42C-FF34-4909-A54F-462F38008195}.Release|x64.ActiveCfg = Release|Any CPU
		{5927F42C-FF34-4909-A54F-462F38008195}.Release|x64.Build.0 = Release|Any CPU
		{5927F42C-FF34-4909-A54F-462F38008195}.Release|x86.ActiveCfg = Release|Any CPU
		{5927F42C-FF34-4909-A54F-462F38008195}.Release|x86.Build.0 = Release|Any CPU
		{2419AD14-9280-4A56-B7EE-24C61806B7D8}.Debug|Any CPU.ActiveCfg = Debug|Any CPU
		{2419AD14-9280-4A56-B7EE-24C61806B7D8}.Debug|Any CPU.Build.0 = Debug|Any CPU
		{2419AD14-9280-4A56-B7EE-24C61806B7D8}.Debug|x64.ActiveCfg = Debug|Any CPU
		{2419AD14-9280-4A56-B7EE-24C61806B7D8}.Debug|x64.Build.0 = Debug|Any CPU
		{2419AD14-9280-4A56-B7EE-24C61806B7D8}.Debug|x86.ActiveCfg = Debug|Any CPU
		{2419AD14-9280-4A56-B7EE-24C61806B7D8}.Debug|x86.Build.0 = Debug|Any CPU
		{2419AD14-9280-4A56-B7EE-24C61806B7D8}.Release|Any CPU.ActiveCfg = Release|Any CPU
		{2419AD14-9280-4A56-B7EE-24C61806B7D8}.Release|Any CPU.Build.0 = Release|Any CPU
		{2419AD14-9280-4A56-B7EE-24C61806B7D8}.Release|x64.ActiveCfg = Release|Any CPU
		{2419AD14-9280-4A56-B7EE-24C61806B7D8}.Release|x64.Build.0 = Release|Any CPU
		{2419AD14-9280-4A56-B7EE-24C61806B7D8}.Release|x86.ActiveCfg = Release|Any CPU
		{2419AD14-9280-4A56-B7EE-24C61806B7D8}.Release|x86.Build.0 = Release|Any CPU
		{A51C4B44-B849-4940-88B1-EEE82CAC0FF7}.Debug|Any CPU.ActiveCfg = Debug|Any CPU
		{A51C4B44-B849-4940-88B1-EEE82CAC0FF7}.Debug|Any CPU.Build.0 = Debug|Any CPU
		{A51C4B44-B849-4940-88B1-EEE82CAC0FF7}.Debug|x64.ActiveCfg = Debug|Any CPU
		{A51C4B44-B849-4940-88B1-EEE82CAC0FF7}.Debug|x64.Build.0 = Debug|Any CPU
		{A51C4B44-B849-4940-88B1-EEE82CAC0FF7}.Debug|x86.ActiveCfg = Debug|Any CPU
		{A51C4B44-B849-4940-88B1-EEE82CAC0FF7}.Debug|x86.Build.0 = Debug|Any CPU
		{A51C4B44-B849-4940-88B1-EEE82CAC0FF7}.Release|Any CPU.ActiveCfg = Release|Any CPU
		{A51C4B44-B849-4940-88B1-EEE82CAC0FF7}.Release|Any CPU.Build.0 = Release|Any CPU
		{A51C4B44-B849-4940-88B1-EEE82CAC0FF7}.Release|x64.ActiveCfg = Release|Any CPU
		{A51C4B44-B849-4940-88B1-EEE82CAC0FF7}.Release|x64.Build.0 = Release|Any CPU
		{A51C4B44-B849-4940-88B1-EEE82CAC0FF7}.Release|x86.ActiveCfg = Release|Any CPU
		{A51C4B44-B849-4940-88B1-EEE82CAC0FF7}.Release|x86.Build.0 = Release|Any CPU
		{3E9B4B14-DE2D-47F7-949C-8C5D58B9F609}.Debug|Any CPU.ActiveCfg = Debug|Any CPU
		{3E9B4B14-DE2D-47F7-949C-8C5D58B9F609}.Debug|Any CPU.Build.0 = Debug|Any CPU
		{3E9B4B14-DE2D-47F7-949C-8C5D58B9F609}.Debug|x64.ActiveCfg = Debug|Any CPU
		{3E9B4B14-DE2D-47F7-949C-8C5D58B9F609}.Debug|x64.Build.0 = Debug|Any CPU
		{3E9B4B14-DE2D-47F7-949C-8C5D58B9F609}.Debug|x86.ActiveCfg = Debug|Any CPU
		{3E9B4B14-DE2D-47F7-949C-8C5D58B9F609}.Debug|x86.Build.0 = Debug|Any CPU
		{3E9B4B14-DE2D-47F7-949C-8C5D58B9F609}.Release|Any CPU.ActiveCfg = Release|Any CPU
		{3E9B4B14-DE2D-47F7-949C-8C5D58B9F609}.Release|Any CPU.Build.0 = Release|Any CPU
		{3E9B4B14-DE2D-47F7-949C-8C5D58B9F609}.Release|x64.ActiveCfg = Release|Any CPU
		{3E9B4B14-DE2D-47F7-949C-8C5D58B9F609}.Release|x64.Build.0 = Release|Any CPU
		{3E9B4B14-DE2D-47F7-949C-8C5D58B9F609}.Release|x86.ActiveCfg = Release|Any CPU
		{3E9B4B14-DE2D-47F7-949C-8C5D58B9F609}.Release|x86.Build.0 = Release|Any CPU
		{4D2FD017-0CE8-40A0-8058-BDFAF209BEF2}.Debug|Any CPU.ActiveCfg = Debug|Any CPU
		{4D2FD017-0CE8-40A0-8058-BDFAF209BEF2}.Debug|Any CPU.Build.0 = Debug|Any CPU
		{4D2FD017-0CE8-40A0-8058-BDFAF209BEF2}.Debug|x64.ActiveCfg = Debug|Any CPU
		{4D2FD017-0CE8-40A0-8058-BDFAF209BEF2}.Debug|x64.Build.0 = Debug|Any CPU
		{4D2FD017-0CE8-40A0-8058-BDFAF209BEF2}.Debug|x86.ActiveCfg = Debug|Any CPU
		{4D2FD017-0CE8-40A0-8058-BDFAF209BEF2}.Debug|x86.Build.0 = Debug|Any CPU
		{4D2FD017-0CE8-40A0-8058-BDFAF209BEF2}.Release|Any CPU.ActiveCfg = Release|Any CPU
		{4D2FD017-0CE8-40A0-8058-BDFAF209BEF2}.Release|Any CPU.Build.0 = Release|Any CPU
		{4D2FD017-0CE8-40A0-8058-BDFAF209BEF2}.Release|x64.ActiveCfg = Release|Any CPU
		{4D2FD017-0CE8-40A0-8058-BDFAF209BEF2}.Release|x64.Build.0 = Release|Any CPU
		{4D2FD017-0CE8-40A0-8058-BDFAF209BEF2}.Release|x86.ActiveCfg = Release|Any CPU
		{4D2FD017-0CE8-40A0-8058-BDFAF209BEF2}.Release|x86.Build.0 = Release|Any CPU
		{6AA2A8E8-BE21-4E61-9200-F1BFBEA8B0F6}.Debug|Any CPU.ActiveCfg = Debug|Any CPU
		{6AA2A8E8-BE21-4E61-9200-F1BFBEA8B0F6}.Debug|Any CPU.Build.0 = Debug|Any CPU
		{6AA2A8E8-BE21-4E61-9200-F1BFBEA8B0F6}.Debug|x64.ActiveCfg = Debug|Any CPU
		{6AA2A8E8-BE21-4E61-9200-F1BFBEA8B0F6}.Debug|x64.Build.0 = Debug|Any CPU
		{6AA2A8E8-BE21-4E61-9200-F1BFBEA8B0F6}.Debug|x86.ActiveCfg = Debug|Any CPU
		{6AA2A8E8-BE21-4E61-9200-F1BFBEA8B0F6}.Debug|x86.Build.0 = Debug|Any CPU
		{6AA2A8E8-BE21-4E61-9200-F1BFBEA8B0F6}.Release|Any CPU.ActiveCfg = Release|Any CPU
		{6AA2A8E8-BE21-4E61-9200-F1BFBEA8B0F6}.Release|Any CPU.Build.0 = Release|Any CPU
		{6AA2A8E8-BE21-4E61-9200-F1BFBEA8B0F6}.Release|x64.ActiveCfg = Release|Any CPU
		{6AA2A8E8-BE21-4E61-9200-F1BFBEA8B0F6}.Release|x64.Build.0 = Release|Any CPU
		{6AA2A8E8-BE21-4E61-9200-F1BFBEA8B0F6}.Release|x86.ActiveCfg = Release|Any CPU
		{6AA2A8E8-BE21-4E61-9200-F1BFBEA8B0F6}.Release|x86.Build.0 = Release|Any CPU
		{06C71D47-A30C-4EC6-80E5-D54048E43D4A}.Debug|Any CPU.ActiveCfg = Debug|Any CPU
		{06C71D47-A30C-4EC6-80E5-D54048E43D4A}.Debug|Any CPU.Build.0 = Debug|Any CPU
		{06C71D47-A30C-4EC6-80E5-D54048E43D4A}.Debug|x64.ActiveCfg = Debug|Any CPU
		{06C71D47-A30C-4EC6-80E5-D54048E43D4A}.Debug|x64.Build.0 = Debug|Any CPU
		{06C71D47-A30C-4EC6-80E5-D54048E43D4A}.Debug|x86.ActiveCfg = Debug|Any CPU
		{06C71D47-A30C-4EC6-80E5-D54048E43D4A}.Debug|x86.Build.0 = Debug|Any CPU
		{06C71D47-A30C-4EC6-80E5-D54048E43D4A}.Release|Any CPU.ActiveCfg = Release|Any CPU
		{06C71D47-A30C-4EC6-80E5-D54048E43D4A}.Release|Any CPU.Build.0 = Release|Any CPU
		{06C71D47-A30C-4EC6-80E5-D54048E43D4A}.Release|x64.ActiveCfg = Release|Any CPU
		{06C71D47-A30C-4EC6-80E5-D54048E43D4A}.Release|x64.Build.0 = Release|Any CPU
		{06C71D47-A30C-4EC6-80E5-D54048E43D4A}.Release|x86.ActiveCfg = Release|Any CPU
		{06C71D47-A30C-4EC6-80E5-D54048E43D4A}.Release|x86.Build.0 = Release|Any CPU
		{EC7729D8-A230-4CF6-ACB6-1C0289E2E986}.Debug|Any CPU.ActiveCfg = Debug|Any CPU
		{EC7729D8-A230-4CF6-ACB6-1C0289E2E986}.Debug|Any CPU.Build.0 = Debug|Any CPU
		{EC7729D8-A230-4CF6-ACB6-1C0289E2E986}.Debug|x64.ActiveCfg = Debug|Any CPU
		{EC7729D8-A230-4CF6-ACB6-1C0289E2E986}.Debug|x64.Build.0 = Debug|Any CPU
		{EC7729D8-A230-4CF6-ACB6-1C0289E2E986}.Debug|x86.ActiveCfg = Debug|Any CPU
		{EC7729D8-A230-4CF6-ACB6-1C0289E2E986}.Debug|x86.Build.0 = Debug|Any CPU
		{EC7729D8-A230-4CF6-ACB6-1C0289E2E986}.Release|Any CPU.ActiveCfg = Release|Any CPU
		{EC7729D8-A230-4CF6-ACB6-1C0289E2E986}.Release|Any CPU.Build.0 = Release|Any CPU
		{EC7729D8-A230-4CF6-ACB6-1C0289E2E986}.Release|x64.ActiveCfg = Release|Any CPU
		{EC7729D8-A230-4CF6-ACB6-1C0289E2E986}.Release|x64.Build.0 = Release|Any CPU
		{EC7729D8-A230-4CF6-ACB6-1C0289E2E986}.Release|x86.ActiveCfg = Release|Any CPU
		{EC7729D8-A230-4CF6-ACB6-1C0289E2E986}.Release|x86.Build.0 = Release|Any CPU
		{25B7B593-5AB1-4DF4-AEA3-D90314EBAC88}.Debug|Any CPU.ActiveCfg = Debug|Any CPU
		{25B7B593-5AB1-4DF4-AEA3-D90314EBAC88}.Debug|Any CPU.Build.0 = Debug|Any CPU
		{25B7B593-5AB1-4DF4-AEA3-D90314EBAC88}.Debug|x64.ActiveCfg = Debug|Any CPU
		{25B7B593-5AB1-4DF4-AEA3-D90314EBAC88}.Debug|x64.Build.0 = Debug|Any CPU
		{25B7B593-5AB1-4DF4-AEA3-D90314EBAC88}.Debug|x86.ActiveCfg = Debug|Any CPU
		{25B7B593-5AB1-4DF4-AEA3-D90314EBAC88}.Debug|x86.Build.0 = Debug|Any CPU
		{25B7B593-5AB1-4DF4-AEA3-D90314EBAC88}.Release|Any CPU.ActiveCfg = Release|Any CPU
		{25B7B593-5AB1-4DF4-AEA3-D90314EBAC88}.Release|Any CPU.Build.0 = Release|Any CPU
		{25B7B593-5AB1-4DF4-AEA3-D90314EBAC88}.Release|x64.ActiveCfg = Release|Any CPU
		{25B7B593-5AB1-4DF4-AEA3-D90314EBAC88}.Release|x64.Build.0 = Release|Any CPU
		{25B7B593-5AB1-4DF4-AEA3-D90314EBAC88}.Release|x86.ActiveCfg = Release|Any CPU
		{25B7B593-5AB1-4DF4-AEA3-D90314EBAC88}.Release|x86.Build.0 = Release|Any CPU
	EndGlobalSection
	GlobalSection(SolutionProperties) = preSolution
		HideSolutionNode = FALSE
	EndGlobalSection
	GlobalSection(NestedProjects) = preSolution
		{92A0AA2B-8992-41B9-A40F-8CAF9E6FC40B} = {8E5752C3-9F86-4C32-8F7A-C4D4B4CF4A23}
		{CCEC6B0A-3B26-49D2-B87D-0A6D89328983} = {11522CD0-31D8-4673-A1A5-5F568B5B1091}
		{37AF0528-9196-45DD-A10F-0A1198D9CEC1} = {CCEC6B0A-3B26-49D2-B87D-0A6D89328983}
		{FF8B4F5D-A198-482E-884C-AB36A48C5FAD} = {11522CD0-31D8-4673-A1A5-5F568B5B1091}
		{2699CE48-3950-4789-AEBB-0BC3F3560789} = {FF8B4F5D-A198-482E-884C-AB36A48C5FAD}
		{5927F42C-FF34-4909-A54F-462F38008195} = {FF8B4F5D-A198-482E-884C-AB36A48C5FAD}
		{2419AD14-9280-4A56-B7EE-24C61806B7D8} = {FF8B4F5D-A198-482E-884C-AB36A48C5FAD}
		{A51C4B44-B849-4940-88B1-EEE82CAC0FF7} = {CCEC6B0A-3B26-49D2-B87D-0A6D89328983}
		{3E9B4B14-DE2D-47F7-949C-8C5D58B9F609} = {CCEC6B0A-3B26-49D2-B87D-0A6D89328983}
		{4D2FD017-0CE8-40A0-8058-BDFAF209BEF2} = {8E5752C3-9F86-4C32-8F7A-C4D4B4CF4A23}
		{8E5752C3-9F86-4C32-8F7A-C4D4B4CF4A23} = {11522CD0-31D8-4673-A1A5-5F568B5B1091}
		{6AA2A8E8-BE21-4E61-9200-F1BFBEA8B0F6} = {8E5752C3-9F86-4C32-8F7A-C4D4B4CF4A23}
		{06C71D47-A30C-4EC6-80E5-D54048E43D4A} = {FF8B4F5D-A198-482E-884C-AB36A48C5FAD}
		{EC7729D8-A230-4CF6-ACB6-1C0289E2E986} = {8E5752C3-9F86-4C32-8F7A-C4D4B4CF4A23}
		{25B7B593-5AB1-4DF4-AEA3-D90314EBAC88} = {8E5752C3-9F86-4C32-8F7A-C4D4B4CF4A23}
	EndGlobalSection
	GlobalSection(ExtensibilityGlobals) = postSolution
		SolutionGuid = {ADE4051B-04F8-4E89-A71F-3A2E387E1025}
	EndGlobalSection
EndGlobal
